// !$*UTF8*$!
{
	archiveVersion = 1;
	classes = {
	};
	objectVersion = 56;
	objects = {

/* Begin PBXBuildFile section */
		201E65572A17E535005404B9 /* Extension.swift in Sources */ = {isa = PBXBuildFile; fileRef = 201E65562A17E535005404B9 /* Extension.swift */; };
		201E65592A17E994005404B9 /* GameModel.swift in Sources */ = {isa = PBXBuildFile; fileRef = 201E65582A17E994005404B9 /* GameModel.swift */; };
		201E655B2A190A00005404B9 /* SecondsTimer.swift in Sources */ = {isa = PBXBuildFile; fileRef = 201E655A2A190A00005404B9 /* SecondsTimer.swift */; };
		201E655D2A1957BC005404B9 /* Settings.swift in Sources */ = {isa = PBXBuildFile; fileRef = 201E655C2A1957BC005404B9 /* Settings.swift */; };
		201E655F2A195845005404B9 /* SettingsView.swift in Sources */ = {isa = PBXBuildFile; fileRef = 201E655E2A195845005404B9 /* SettingsView.swift */; };
		201E65622A196626005404B9 /* SwiftySound in Frameworks */ = {isa = PBXBuildFile; productRef = 201E65612A196626005404B9 /* SwiftySound */; };
		201E65642A199775005404B9 /* Play.swift in Sources */ = {isa = PBXBuildFile; fileRef = 201E65632A199775005404B9 /* Play.swift */; };
		201E658F2A199888005404B9 /* Highlight.aiff in Resources */ = {isa = PBXBuildFile; fileRef = 201E65662A199888005404B9 /* Highlight.aiff */; };
		201E65902A199888005404B9 /* Type.aiff in Resources */ = {isa = PBXBuildFile; fileRef = 201E65672A199888005404B9 /* Type.aiff */; };
		201E65912A199888005404B9 /* Incorrect.aiff in Resources */ = {isa = PBXBuildFile; fileRef = 201E65682A199888005404B9 /* Incorrect.aiff */; };
		201E65922A199888005404B9 /* MarkerConflict.aiff in Resources */ = {isa = PBXBuildFile; fileRef = 201E65692A199888005404B9 /* MarkerConflict.aiff */; };
		201E65932A199888005404B9 /* Correct.aiff in Resources */ = {isa = PBXBuildFile; fileRef = 201E656A2A199888005404B9 /* Correct.aiff */; };
		201E65942A199888005404B9 /* MarkerErase.aiff in Resources */ = {isa = PBXBuildFile; fileRef = 201E656B2A199888005404B9 /* MarkerErase.aiff */; };
		201E65952A199888005404B9 /* NumberHighlightOn.aiff in Resources */ = {isa = PBXBuildFile; fileRef = 201E656C2A199888005404B9 /* NumberHighlightOn.aiff */; };
		201E65962A199888005404B9 /* Match.aiff in Resources */ = {isa = PBXBuildFile; fileRef = 201E656D2A199888005404B9 /* Match.aiff */; };
		201E65972A199888005404B9 /* GameComplete.aiff in Resources */ = {isa = PBXBuildFile; fileRef = 201E656E2A199888005404B9 /* GameComplete.aiff */; };
		201E65982A199888005404B9 /* Hint.aiff in Resources */ = {isa = PBXBuildFile; fileRef = 201E656F2A199888005404B9 /* Hint.aiff */; };
		201E65992A199888005404B9 /* Erase.aiff in Resources */ = {isa = PBXBuildFile; fileRef = 201E65702A199888005404B9 /* Erase.aiff */; };
		201E659A2A199888005404B9 /* NumberHighlightOff.aiff in Resources */ = {isa = PBXBuildFile; fileRef = 201E65712A199888005404B9 /* NumberHighlightOff.aiff */; };
		201E659B2A199888005404B9 /* Touch.aiff in Resources */ = {isa = PBXBuildFile; fileRef = 201E65722A199888005404B9 /* Touch.aiff */; };
		201E659C2A199888005404B9 /* Tink.aiff in Resources */ = {isa = PBXBuildFile; fileRef = 201E65732A199888005404B9 /* Tink.aiff */; };
		201E659D2A199888005404B9 /* Chime0.aiff in Resources */ = {isa = PBXBuildFile; fileRef = 201E65752A199888005404B9 /* Chime0.aiff */; };
		201E659E2A199888005404B9 /* Harp1.aiff in Resources */ = {isa = PBXBuildFile; fileRef = 201E65772A199888005404B9 /* Harp1.aiff */; };
		201E659F2A199888005404B9 /* Harp11.aiff in Resources */ = {isa = PBXBuildFile; fileRef = 201E65782A199888005404B9 /* Harp11.aiff */; };
		201E65A02A199888005404B9 /* Harp10.aiff in Resources */ = {isa = PBXBuildFile; fileRef = 201E65792A199888005404B9 /* Harp10.aiff */; };
		201E65A12A199888005404B9 /* Harp0.aiff in Resources */ = {isa = PBXBuildFile; fileRef = 201E657A2A199888005404B9 /* Harp0.aiff */; };
		201E65A22A199888005404B9 /* Harp17.aiff in Resources */ = {isa = PBXBuildFile; fileRef = 201E657B2A199888005404B9 /* Harp17.aiff */; };
		201E65A32A199888005404B9 /* Harp7.aiff in Resources */ = {isa = PBXBuildFile; fileRef = 201E657C2A199888005404B9 /* Harp7.aiff */; };
		201E65A42A199888005404B9 /* Harp6.aiff in Resources */ = {isa = PBXBuildFile; fileRef = 201E657D2A199888005404B9 /* Harp6.aiff */; };
		201E65A52A199888005404B9 /* Harp16.aiff in Resources */ = {isa = PBXBuildFile; fileRef = 201E657E2A199888005404B9 /* Harp16.aiff */; };
		201E65A62A199888005404B9 /* Harp15.aiff in Resources */ = {isa = PBXBuildFile; fileRef = 201E657F2A199888005404B9 /* Harp15.aiff */; };
		201E65A72A199888005404B9 /* Harp9.aiff in Resources */ = {isa = PBXBuildFile; fileRef = 201E65802A199888005404B9 /* Harp9.aiff */; };
		201E65A82A199888005404B9 /* Harp5.aiff in Resources */ = {isa = PBXBuildFile; fileRef = 201E65812A199888005404B9 /* Harp5.aiff */; };
		201E65A92A199888005404B9 /* Harp4.aiff in Resources */ = {isa = PBXBuildFile; fileRef = 201E65822A199888005404B9 /* Harp4.aiff */; };
		201E65AA2A199888005404B9 /* Harp18.aiff in Resources */ = {isa = PBXBuildFile; fileRef = 201E65832A199888005404B9 /* Harp18.aiff */; };
		201E65AB2A199888005404B9 /* Harp8.aiff in Resources */ = {isa = PBXBuildFile; fileRef = 201E65842A199888005404B9 /* Harp8.aiff */; };
		201E65AC2A199888005404B9 /* Harp14.aiff in Resources */ = {isa = PBXBuildFile; fileRef = 201E65852A199888005404B9 /* Harp14.aiff */; };
		201E65AD2A199888005404B9 /* Harp3.aiff in Resources */ = {isa = PBXBuildFile; fileRef = 201E65862A199888005404B9 /* Harp3.aiff */; };
		201E65AE2A199888005404B9 /* Harp13.aiff in Resources */ = {isa = PBXBuildFile; fileRef = 201E65872A199888005404B9 /* Harp13.aiff */; };
		201E65AF2A199888005404B9 /* Harp12.aiff in Resources */ = {isa = PBXBuildFile; fileRef = 201E65882A199888005404B9 /* Harp12.aiff */; };
		201E65B02A199888005404B9 /* Harp2.aiff in Resources */ = {isa = PBXBuildFile; fileRef = 201E65892A199888005404B9 /* Harp2.aiff */; };
		201E65B12A199888005404B9 /* Chime1.aiff in Resources */ = {isa = PBXBuildFile; fileRef = 201E658A2A199888005404B9 /* Chime1.aiff */; };
		201E65B22A199888005404B9 /* Chime2.aiff in Resources */ = {isa = PBXBuildFile; fileRef = 201E658B2A199888005404B9 /* Chime2.aiff */; };
		201E65B32A199888005404B9 /* Chime3.aiff in Resources */ = {isa = PBXBuildFile; fileRef = 201E658C2A199888005404B9 /* Chime3.aiff */; };
		201E65B42A199888005404B9 /* Chime4.aiff in Resources */ = {isa = PBXBuildFile; fileRef = 201E658D2A199888005404B9 /* Chime4.aiff */; };
		201E65B52A199888005404B9 /* Marker.aiff in Resources */ = {isa = PBXBuildFile; fileRef = 201E658E2A199888005404B9 /* Marker.aiff */; };
		201E65B92A1A99C7005404B9 /* MainHelpView.swift in Sources */ = {isa = PBXBuildFile; fileRef = 201E65B82A1A99C7005404B9 /* MainHelpView.swift */; };
		20292BFB29F2104C00C51913 /* DailyPuzzles_App.swift in Sources */ = {isa = PBXBuildFile; fileRef = 20292BFA29F2104C00C51913 /* DailyPuzzles_App.swift */; };
		20292BFD29F2104C00C51913 /* ContentView.swift in Sources */ = {isa = PBXBuildFile; fileRef = 20292BFC29F2104C00C51913 /* ContentView.swift */; };
		20292BFF29F2104E00C51913 /* Assets.xcassets in Resources */ = {isa = PBXBuildFile; fileRef = 20292BFE29F2104E00C51913 /* Assets.xcassets */; };
		20292C0229F2104E00C51913 /* Preview Assets.xcassets in Resources */ = {isa = PBXBuildFile; fileRef = 20292C0129F2104E00C51913 /* Preview Assets.xcassets */; };
		2060632B2A1AC3A30044AC81 /* MainBallView.swift in Sources */ = {isa = PBXBuildFile; fileRef = 2060632A2A1AC3A30044AC81 /* MainBallView.swift */; };
		2060632D2A1AE4240044AC81 /* EmailView.swift in Sources */ = {isa = PBXBuildFile; fileRef = 2060632C2A1AE4240044AC81 /* EmailView.swift */; };
		206063302A1B0F7C0044AC81 /* MessageUI.framework in Frameworks */ = {isa = PBXBuildFile; fileRef = 2060632F2A1B0F7C0044AC81 /* MessageUI.framework */; };
		2060634C2A1C06640044AC81 /* DailyStorage.swift in Sources */ = {isa = PBXBuildFile; fileRef = 2060634B2A1C06640044AC81 /* DailyStorage.swift */; };
		2060634E2A1C0C860044AC81 /* FactoidView.swift in Sources */ = {isa = PBXBuildFile; fileRef = 2060634D2A1C0C860044AC81 /* FactoidView.swift */; };
		2085A1712A1DB343004E601F /* SettingsGameChooserView.swift in Sources */ = {isa = PBXBuildFile; fileRef = 2085A1702A1DB343004E601F /* SettingsGameChooserView.swift */; };
		2085A1732A1E859A004E601F /* SettingsGameOrderView.swift in Sources */ = {isa = PBXBuildFile; fileRef = 2085A1722A1E859A004E601F /* SettingsGameOrderView.swift */; };
		209025372A0ED7B5004B6790 /* MainView.swift in Sources */ = {isa = PBXBuildFile; fileRef = 209025362A0ED7B5004B6790 /* MainView.swift */; };
		209025392A0ED937004B6790 /* GameHostView.swift in Sources */ = {isa = PBXBuildFile; fileRef = 209025382A0ED937004B6790 /* GameHostView.swift */; };
		2090253D2A0EDA15004B6790 /* Navigator.swift in Sources */ = {isa = PBXBuildFile; fileRef = 2090253C2A0EDA15004B6790 /* Navigator.swift */; };
		2090253F2A103958004B6790 /* GameDescriptor.swift in Sources */ = {isa = PBXBuildFile; fileRef = 2090253E2A103958004B6790 /* GameDescriptor.swift */; };
		209025412A104CD2004B6790 /* MainToolbarView.swift in Sources */ = {isa = PBXBuildFile; fileRef = 209025402A104CD2004B6790 /* MainToolbarView.swift */; };
		209025432A104EA4004B6790 /* CryptogramView.swift in Sources */ = {isa = PBXBuildFile; fileRef = 209025422A104EA4004B6790 /* CryptogramView.swift */; };
		209025452A1053CA004B6790 /* GameToolbarView.swift in Sources */ = {isa = PBXBuildFile; fileRef = 209025442A1053CA004B6790 /* GameToolbarView.swift */; };
		209AAA7C2A2290630072B17D /* ContentService.swift in Sources */ = {isa = PBXBuildFile; fileRef = 209AAA7B2A2290630072B17D /* ContentService.swift */; };
		209AAA7E2A22915B0072B17D /* factoids.txt in Resources */ = {isa = PBXBuildFile; fileRef = 209AAA7D2A22915B0072B17D /* factoids.txt */; };
		209AAA812A229B7B0072B17D /* factoidUpdates.txt in Resources */ = {isa = PBXBuildFile; fileRef = 209AAA802A229B7B0072B17D /* factoidUpdates.txt */; };
		20C0BE852A23F30F00884E76 /* CloudKitObserver.swift in Sources */ = {isa = PBXBuildFile; fileRef = 20C0BE842A23F30F00884E76 /* CloudKitObserver.swift */; };
		20E4AD252A244C4900E42A2F /* File.swift in Sources */ = {isa = PBXBuildFile; fileRef = 20E4AD242A244C4900E42A2F /* File.swift */; };
		20E4AD272A244EF300E42A2F /* CodeTimer.swift in Sources */ = {isa = PBXBuildFile; fileRef = 20E4AD262A244EF300E42A2F /* CodeTimer.swift */; };
		20E4AD2F2A24518100E42A2F /* DailyPuzzlesPlusTests.swift in Sources */ = {isa = PBXBuildFile; fileRef = 20E4AD2E2A24518100E42A2F /* DailyPuzzlesPlusTests.swift */; };
/* End PBXBuildFile section */

/* Begin PBXContainerItemProxy section */
		20E4AD302A24518100E42A2F /* PBXContainerItemProxy */ = {
			isa = PBXContainerItemProxy;
			containerPortal = 20292BEF29F2104C00C51913 /* Project object */;
			proxyType = 1;
			remoteGlobalIDString = 20292BF629F2104C00C51913;
			remoteInfo = DailyPuzzlesPlus;
		};
/* End PBXContainerItemProxy section */

/* Begin PBXFileReference section */
		201E65562A17E535005404B9 /* Extension.swift */ = {isa = PBXFileReference; lastKnownFileType = sourcecode.swift; path = Extension.swift; sourceTree = "<group>"; };
		201E65582A17E994005404B9 /* GameModel.swift */ = {isa = PBXFileReference; lastKnownFileType = sourcecode.swift; path = GameModel.swift; sourceTree = "<group>"; };
		201E655A2A190A00005404B9 /* SecondsTimer.swift */ = {isa = PBXFileReference; fileEncoding = 4; lastKnownFileType = sourcecode.swift; path = SecondsTimer.swift; sourceTree = "<group>"; };
		201E655C2A1957BC005404B9 /* Settings.swift */ = {isa = PBXFileReference; fileEncoding = 4; lastKnownFileType = sourcecode.swift; path = Settings.swift; sourceTree = "<group>"; };
		201E655E2A195845005404B9 /* SettingsView.swift */ = {isa = PBXFileReference; lastKnownFileType = sourcecode.swift; path = SettingsView.swift; sourceTree = "<group>"; };
		201E65632A199775005404B9 /* Play.swift */ = {isa = PBXFileReference; lastKnownFileType = sourcecode.swift; path = Play.swift; sourceTree = "<group>"; };
		201E65662A199888005404B9 /* Highlight.aiff */ = {isa = PBXFileReference; lastKnownFileType = audio.aiff; path = Highlight.aiff; sourceTree = "<group>"; };
		201E65672A199888005404B9 /* Type.aiff */ = {isa = PBXFileReference; lastKnownFileType = audio.aiff; path = Type.aiff; sourceTree = "<group>"; };
		201E65682A199888005404B9 /* Incorrect.aiff */ = {isa = PBXFileReference; lastKnownFileType = audio.aiff; path = Incorrect.aiff; sourceTree = "<group>"; };
		201E65692A199888005404B9 /* MarkerConflict.aiff */ = {isa = PBXFileReference; lastKnownFileType = audio.aiff; path = MarkerConflict.aiff; sourceTree = "<group>"; };
		201E656A2A199888005404B9 /* Correct.aiff */ = {isa = PBXFileReference; lastKnownFileType = audio.aiff; path = Correct.aiff; sourceTree = "<group>"; };
		201E656B2A199888005404B9 /* MarkerErase.aiff */ = {isa = PBXFileReference; lastKnownFileType = audio.aiff; path = MarkerErase.aiff; sourceTree = "<group>"; };
		201E656C2A199888005404B9 /* NumberHighlightOn.aiff */ = {isa = PBXFileReference; lastKnownFileType = audio.aiff; path = NumberHighlightOn.aiff; sourceTree = "<group>"; };
		201E656D2A199888005404B9 /* Match.aiff */ = {isa = PBXFileReference; lastKnownFileType = audio.aiff; path = Match.aiff; sourceTree = "<group>"; };
		201E656E2A199888005404B9 /* GameComplete.aiff */ = {isa = PBXFileReference; lastKnownFileType = audio.aiff; path = GameComplete.aiff; sourceTree = "<group>"; };
		201E656F2A199888005404B9 /* Hint.aiff */ = {isa = PBXFileReference; lastKnownFileType = audio.aiff; path = Hint.aiff; sourceTree = "<group>"; };
		201E65702A199888005404B9 /* Erase.aiff */ = {isa = PBXFileReference; lastKnownFileType = audio.aiff; path = Erase.aiff; sourceTree = "<group>"; };
		201E65712A199888005404B9 /* NumberHighlightOff.aiff */ = {isa = PBXFileReference; lastKnownFileType = audio.aiff; path = NumberHighlightOff.aiff; sourceTree = "<group>"; };
		201E65722A199888005404B9 /* Touch.aiff */ = {isa = PBXFileReference; lastKnownFileType = audio.aiff; path = Touch.aiff; sourceTree = "<group>"; };
		201E65732A199888005404B9 /* Tink.aiff */ = {isa = PBXFileReference; lastKnownFileType = audio.aiff; path = Tink.aiff; sourceTree = "<group>"; };
		201E65752A199888005404B9 /* Chime0.aiff */ = {isa = PBXFileReference; lastKnownFileType = audio.aiff; path = Chime0.aiff; sourceTree = "<group>"; };
		201E65772A199888005404B9 /* Harp1.aiff */ = {isa = PBXFileReference; lastKnownFileType = audio.aiff; path = Harp1.aiff; sourceTree = "<group>"; };
		201E65782A199888005404B9 /* Harp11.aiff */ = {isa = PBXFileReference; lastKnownFileType = audio.aiff; path = Harp11.aiff; sourceTree = "<group>"; };
		201E65792A199888005404B9 /* Harp10.aiff */ = {isa = PBXFileReference; lastKnownFileType = audio.aiff; path = Harp10.aiff; sourceTree = "<group>"; };
		201E657A2A199888005404B9 /* Harp0.aiff */ = {isa = PBXFileReference; lastKnownFileType = audio.aiff; path = Harp0.aiff; sourceTree = "<group>"; };
		201E657B2A199888005404B9 /* Harp17.aiff */ = {isa = PBXFileReference; lastKnownFileType = audio.aiff; path = Harp17.aiff; sourceTree = "<group>"; };
		201E657C2A199888005404B9 /* Harp7.aiff */ = {isa = PBXFileReference; lastKnownFileType = audio.aiff; path = Harp7.aiff; sourceTree = "<group>"; };
		201E657D2A199888005404B9 /* Harp6.aiff */ = {isa = PBXFileReference; lastKnownFileType = audio.aiff; path = Harp6.aiff; sourceTree = "<group>"; };
		201E657E2A199888005404B9 /* Harp16.aiff */ = {isa = PBXFileReference; lastKnownFileType = audio.aiff; path = Harp16.aiff; sourceTree = "<group>"; };
		201E657F2A199888005404B9 /* Harp15.aiff */ = {isa = PBXFileReference; lastKnownFileType = audio.aiff; path = Harp15.aiff; sourceTree = "<group>"; };
		201E65802A199888005404B9 /* Harp9.aiff */ = {isa = PBXFileReference; lastKnownFileType = audio.aiff; path = Harp9.aiff; sourceTree = "<group>"; };
		201E65812A199888005404B9 /* Harp5.aiff */ = {isa = PBXFileReference; lastKnownFileType = audio.aiff; path = Harp5.aiff; sourceTree = "<group>"; };
		201E65822A199888005404B9 /* Harp4.aiff */ = {isa = PBXFileReference; lastKnownFileType = audio.aiff; path = Harp4.aiff; sourceTree = "<group>"; };
		201E65832A199888005404B9 /* Harp18.aiff */ = {isa = PBXFileReference; lastKnownFileType = audio.aiff; path = Harp18.aiff; sourceTree = "<group>"; };
		201E65842A199888005404B9 /* Harp8.aiff */ = {isa = PBXFileReference; lastKnownFileType = audio.aiff; path = Harp8.aiff; sourceTree = "<group>"; };
		201E65852A199888005404B9 /* Harp14.aiff */ = {isa = PBXFileReference; lastKnownFileType = audio.aiff; path = Harp14.aiff; sourceTree = "<group>"; };
		201E65862A199888005404B9 /* Harp3.aiff */ = {isa = PBXFileReference; lastKnownFileType = audio.aiff; path = Harp3.aiff; sourceTree = "<group>"; };
		201E65872A199888005404B9 /* Harp13.aiff */ = {isa = PBXFileReference; lastKnownFileType = audio.aiff; path = Harp13.aiff; sourceTree = "<group>"; };
		201E65882A199888005404B9 /* Harp12.aiff */ = {isa = PBXFileReference; lastKnownFileType = audio.aiff; path = Harp12.aiff; sourceTree = "<group>"; };
		201E65892A199888005404B9 /* Harp2.aiff */ = {isa = PBXFileReference; lastKnownFileType = audio.aiff; path = Harp2.aiff; sourceTree = "<group>"; };
		201E658A2A199888005404B9 /* Chime1.aiff */ = {isa = PBXFileReference; lastKnownFileType = audio.aiff; path = Chime1.aiff; sourceTree = "<group>"; };
		201E658B2A199888005404B9 /* Chime2.aiff */ = {isa = PBXFileReference; lastKnownFileType = audio.aiff; path = Chime2.aiff; sourceTree = "<group>"; };
		201E658C2A199888005404B9 /* Chime3.aiff */ = {isa = PBXFileReference; lastKnownFileType = audio.aiff; path = Chime3.aiff; sourceTree = "<group>"; };
		201E658D2A199888005404B9 /* Chime4.aiff */ = {isa = PBXFileReference; lastKnownFileType = audio.aiff; path = Chime4.aiff; sourceTree = "<group>"; };
		201E658E2A199888005404B9 /* Marker.aiff */ = {isa = PBXFileReference; lastKnownFileType = audio.aiff; path = Marker.aiff; sourceTree = "<group>"; };
		201E65B82A1A99C7005404B9 /* MainHelpView.swift */ = {isa = PBXFileReference; lastKnownFileType = sourcecode.swift; path = MainHelpView.swift; sourceTree = "<group>"; };
		20292BF729F2104C00C51913 /* DailyPuzzlesPlus.app */ = {isa = PBXFileReference; explicitFileType = wrapper.application; includeInIndex = 0; path = DailyPuzzlesPlus.app; sourceTree = BUILT_PRODUCTS_DIR; };
		20292BFA29F2104C00C51913 /* DailyPuzzles_App.swift */ = {isa = PBXFileReference; lastKnownFileType = sourcecode.swift; path = DailyPuzzles_App.swift; sourceTree = "<group>"; };
		20292BFC29F2104C00C51913 /* ContentView.swift */ = {isa = PBXFileReference; lastKnownFileType = sourcecode.swift; path = ContentView.swift; sourceTree = "<group>"; };
		20292BFE29F2104E00C51913 /* Assets.xcassets */ = {isa = PBXFileReference; lastKnownFileType = folder.assetcatalog; path = Assets.xcassets; sourceTree = "<group>"; };
		20292C0129F2104E00C51913 /* Preview Assets.xcassets */ = {isa = PBXFileReference; lastKnownFileType = folder.assetcatalog; path = "Preview Assets.xcassets"; sourceTree = "<group>"; };
		2060632A2A1AC3A30044AC81 /* MainBallView.swift */ = {isa = PBXFileReference; lastKnownFileType = sourcecode.swift; path = MainBallView.swift; sourceTree = "<group>"; };
		2060632C2A1AE4240044AC81 /* EmailView.swift */ = {isa = PBXFileReference; lastKnownFileType = sourcecode.swift; path = EmailView.swift; sourceTree = "<group>"; };
		2060632F2A1B0F7C0044AC81 /* MessageUI.framework */ = {isa = PBXFileReference; lastKnownFileType = wrapper.framework; name = MessageUI.framework; path = System/Library/Frameworks/MessageUI.framework; sourceTree = SDKROOT; };
		2060634B2A1C06640044AC81 /* DailyStorage.swift */ = {isa = PBXFileReference; lastKnownFileType = sourcecode.swift; path = DailyStorage.swift; sourceTree = "<group>"; };
		2060634D2A1C0C860044AC81 /* FactoidView.swift */ = {isa = PBXFileReference; lastKnownFileType = sourcecode.swift; path = FactoidView.swift; sourceTree = "<group>"; };
		2085A1702A1DB343004E601F /* SettingsGameChooserView.swift */ = {isa = PBXFileReference; lastKnownFileType = sourcecode.swift; path = SettingsGameChooserView.swift; sourceTree = "<group>"; };
		2085A1722A1E859A004E601F /* SettingsGameOrderView.swift */ = {isa = PBXFileReference; lastKnownFileType = sourcecode.swift; path = SettingsGameOrderView.swift; sourceTree = "<group>"; };
		209025362A0ED7B5004B6790 /* MainView.swift */ = {isa = PBXFileReference; lastKnownFileType = sourcecode.swift; path = MainView.swift; sourceTree = "<group>"; };
		209025382A0ED937004B6790 /* GameHostView.swift */ = {isa = PBXFileReference; lastKnownFileType = sourcecode.swift; path = GameHostView.swift; sourceTree = "<group>"; };
		2090253C2A0EDA15004B6790 /* Navigator.swift */ = {isa = PBXFileReference; lastKnownFileType = sourcecode.swift; path = Navigator.swift; sourceTree = "<group>"; };
		2090253E2A103958004B6790 /* GameDescriptor.swift */ = {isa = PBXFileReference; lastKnownFileType = sourcecode.swift; path = GameDescriptor.swift; sourceTree = "<group>"; };
		209025402A104CD2004B6790 /* MainToolbarView.swift */ = {isa = PBXFileReference; lastKnownFileType = sourcecode.swift; path = MainToolbarView.swift; sourceTree = "<group>"; };
		209025422A104EA4004B6790 /* CryptogramView.swift */ = {isa = PBXFileReference; lastKnownFileType = sourcecode.swift; path = CryptogramView.swift; sourceTree = "<group>"; };
		209025442A1053CA004B6790 /* GameToolbarView.swift */ = {isa = PBXFileReference; lastKnownFileType = sourcecode.swift; path = GameToolbarView.swift; sourceTree = "<group>"; };
		209AAA7B2A2290630072B17D /* ContentService.swift */ = {isa = PBXFileReference; lastKnownFileType = sourcecode.swift; path = ContentService.swift; sourceTree = "<group>"; };
		209AAA7D2A22915B0072B17D /* factoids.txt */ = {isa = PBXFileReference; fileEncoding = 4; lastKnownFileType = text; path = factoids.txt; sourceTree = "<group>"; usesTabs = 1; };
		209AAA7F2A2298640072B17D /* Notes.txt */ = {isa = PBXFileReference; lastKnownFileType = text; path = Notes.txt; sourceTree = "<group>"; };
		209AAA802A229B7B0072B17D /* factoidUpdates.txt */ = {isa = PBXFileReference; fileEncoding = 4; lastKnownFileType = text; path = factoidUpdates.txt; sourceTree = "<group>"; usesTabs = 1; };
		20C0BE822A23F2D700884E76 /* Info.plist */ = {isa = PBXFileReference; lastKnownFileType = text.plist; path = Info.plist; sourceTree = "<group>"; };
		20C0BE832A23F2E200884E76 /* DailyPuzzlesPlus.entitlements */ = {isa = PBXFileReference; lastKnownFileType = text.plist.entitlements; path = DailyPuzzlesPlus.entitlements; sourceTree = "<group>"; };
		20C0BE842A23F30F00884E76 /* CloudKitObserver.swift */ = {isa = PBXFileReference; fileEncoding = 4; lastKnownFileType = sourcecode.swift; path = CloudKitObserver.swift; sourceTree = "<group>"; };
		20E4AD242A244C4900E42A2F /* File.swift */ = {isa = PBXFileReference; lastKnownFileType = sourcecode.swift; path = File.swift; sourceTree = "<group>"; };
		20E4AD262A244EF300E42A2F /* CodeTimer.swift */ = {isa = PBXFileReference; lastKnownFileType = sourcecode.swift; path = CodeTimer.swift; sourceTree = "<group>"; };
		20E4AD2C2A24518100E42A2F /* DailyPuzzlesPlusTests.xctest */ = {isa = PBXFileReference; explicitFileType = wrapper.cfbundle; includeInIndex = 0; path = DailyPuzzlesPlusTests.xctest; sourceTree = BUILT_PRODUCTS_DIR; };
		20E4AD2E2A24518100E42A2F /* DailyPuzzlesPlusTests.swift */ = {isa = PBXFileReference; lastKnownFileType = sourcecode.swift; path = DailyPuzzlesPlusTests.swift; sourceTree = "<group>"; };
/* End PBXFileReference section */

/* Begin PBXFrameworksBuildPhase section */
		20292BF429F2104C00C51913 /* Frameworks */ = {
			isa = PBXFrameworksBuildPhase;
			buildActionMask = 2147483647;
			files = (
				206063302A1B0F7C0044AC81 /* MessageUI.framework in Frameworks */,
				201E65622A196626005404B9 /* SwiftySound in Frameworks */,
			);
			runOnlyForDeploymentPostprocessing = 0;
		};
		20E4AD292A24518100E42A2F /* Frameworks */ = {
			isa = PBXFrameworksBuildPhase;
			buildActionMask = 2147483647;
			files = (
			);
			runOnlyForDeploymentPostprocessing = 0;
		};
/* End PBXFrameworksBuildPhase section */

/* Begin PBXGroup section */
		201E65652A199888005404B9 /* Sounds */ = {
			isa = PBXGroup;
			children = (
				201E65662A199888005404B9 /* Highlight.aiff */,
				201E65672A199888005404B9 /* Type.aiff */,
				201E65682A199888005404B9 /* Incorrect.aiff */,
				201E65692A199888005404B9 /* MarkerConflict.aiff */,
				201E656A2A199888005404B9 /* Correct.aiff */,
				201E656B2A199888005404B9 /* MarkerErase.aiff */,
				201E656C2A199888005404B9 /* NumberHighlightOn.aiff */,
				201E656D2A199888005404B9 /* Match.aiff */,
				201E656E2A199888005404B9 /* GameComplete.aiff */,
				201E656F2A199888005404B9 /* Hint.aiff */,
				201E65702A199888005404B9 /* Erase.aiff */,
				201E65712A199888005404B9 /* NumberHighlightOff.aiff */,
				201E65722A199888005404B9 /* Touch.aiff */,
				201E65732A199888005404B9 /* Tink.aiff */,
				201E65742A199888005404B9 /* Q */,
				201E658E2A199888005404B9 /* Marker.aiff */,
			);
			path = Sounds;
			sourceTree = "<group>";
		};
		201E65742A199888005404B9 /* Q */ = {
			isa = PBXGroup;
			children = (
				201E65752A199888005404B9 /* Chime0.aiff */,
				201E65762A199888005404B9 /* Harp */,
				201E658A2A199888005404B9 /* Chime1.aiff */,
				201E658B2A199888005404B9 /* Chime2.aiff */,
				201E658C2A199888005404B9 /* Chime3.aiff */,
				201E658D2A199888005404B9 /* Chime4.aiff */,
			);
			path = Q;
			sourceTree = "<group>";
		};
		201E65762A199888005404B9 /* Harp */ = {
			isa = PBXGroup;
			children = (
				201E65772A199888005404B9 /* Harp1.aiff */,
				201E65782A199888005404B9 /* Harp11.aiff */,
				201E65792A199888005404B9 /* Harp10.aiff */,
				201E657A2A199888005404B9 /* Harp0.aiff */,
				201E657B2A199888005404B9 /* Harp17.aiff */,
				201E657C2A199888005404B9 /* Harp7.aiff */,
				201E657D2A199888005404B9 /* Harp6.aiff */,
				201E657E2A199888005404B9 /* Harp16.aiff */,
				201E657F2A199888005404B9 /* Harp15.aiff */,
				201E65802A199888005404B9 /* Harp9.aiff */,
				201E65812A199888005404B9 /* Harp5.aiff */,
				201E65822A199888005404B9 /* Harp4.aiff */,
				201E65832A199888005404B9 /* Harp18.aiff */,
				201E65842A199888005404B9 /* Harp8.aiff */,
				201E65852A199888005404B9 /* Harp14.aiff */,
				201E65862A199888005404B9 /* Harp3.aiff */,
				201E65872A199888005404B9 /* Harp13.aiff */,
				201E65882A199888005404B9 /* Harp12.aiff */,
				201E65892A199888005404B9 /* Harp2.aiff */,
			);
			path = Harp;
			sourceTree = "<group>";
		};
		20292BEE29F2104C00C51913 = {
			isa = PBXGroup;
			children = (
				20292BF929F2104C00C51913 /* DailyPuzzlesPlus */,
				20E4AD2D2A24518100E42A2F /* DailyPuzzlesPlusTests */,
				2060632E2A1B0F7C0044AC81 /* Frameworks */,
				20292BF829F2104C00C51913 /* Products */,
			);
			sourceTree = "<group>";
		};
		20292BF829F2104C00C51913 /* Products */ = {
			isa = PBXGroup;
			children = (
				20292BF729F2104C00C51913 /* DailyPuzzlesPlus.app */,
				20E4AD2C2A24518100E42A2F /* DailyPuzzlesPlusTests.xctest */,
			);
			name = Products;
			sourceTree = "<group>";
		};
		20292BF929F2104C00C51913 /* DailyPuzzlesPlus */ = {
			isa = PBXGroup;
			children = (
				20C0BE832A23F2E200884E76 /* DailyPuzzlesPlus.entitlements */,
				20C0BE822A23F2D700884E76 /* Info.plist */,
				20C0BE842A23F30F00884E76 /* CloudKitObserver.swift */,
				20E4AD262A244EF300E42A2F /* CodeTimer.swift */,
				209AAA7B2A2290630072B17D /* ContentService.swift */,
				20292BFC29F2104C00C51913 /* ContentView.swift */,
				209025422A104EA4004B6790 /* CryptogramView.swift */,
				20292BFA29F2104C00C51913 /* DailyPuzzles_App.swift */,
				2060634B2A1C06640044AC81 /* DailyStorage.swift */,
				2060632C2A1AE4240044AC81 /* EmailView.swift */,
				201E65562A17E535005404B9 /* Extension.swift */,
				209AAA7D2A22915B0072B17D /* factoids.txt */,
				209AAA802A229B7B0072B17D /* factoidUpdates.txt */,
				2060634D2A1C0C860044AC81 /* FactoidView.swift */,
				20E4AD242A244C4900E42A2F /* File.swift */,
				2090253E2A103958004B6790 /* GameDescriptor.swift */,
				209025382A0ED937004B6790 /* GameHostView.swift */,
				201E65582A17E994005404B9 /* GameModel.swift */,
				209025442A1053CA004B6790 /* GameToolbarView.swift */,
				2060632A2A1AC3A30044AC81 /* MainBallView.swift */,
				201E65B82A1A99C7005404B9 /* MainHelpView.swift */,
				209025402A104CD2004B6790 /* MainToolbarView.swift */,
				209025362A0ED7B5004B6790 /* MainView.swift */,
				2090253C2A0EDA15004B6790 /* Navigator.swift */,
				201E65632A199775005404B9 /* Play.swift */,
				201E655A2A190A00005404B9 /* SecondsTimer.swift */,
				201E655C2A1957BC005404B9 /* Settings.swift */,
				2085A1702A1DB343004E601F /* SettingsGameChooserView.swift */,
				2085A1722A1E859A004E601F /* SettingsGameOrderView.swift */,
				201E655E2A195845005404B9 /* SettingsView.swift */,
				20292BFE29F2104E00C51913 /* Assets.xcassets */,
				20292C0029F2104E00C51913 /* Preview Content */,
				201E65652A199888005404B9 /* Sounds */,
				209AAA7F2A2298640072B17D /* Notes.txt */,
			);
			path = DailyPuzzlesPlus;
			sourceTree = "<group>";
		};
		20292C0029F2104E00C51913 /* Preview Content */ = {
			isa = PBXGroup;
			children = (
				20292C0129F2104E00C51913 /* Preview Assets.xcassets */,
			);
			path = "Preview Content";
			sourceTree = "<group>";
		};
		2060632E2A1B0F7C0044AC81 /* Frameworks */ = {
			isa = PBXGroup;
			children = (
				2060632F2A1B0F7C0044AC81 /* MessageUI.framework */,
			);
			name = Frameworks;
			sourceTree = "<group>";
		};
		20E4AD2D2A24518100E42A2F /* DailyPuzzlesPlusTests */ = {
			isa = PBXGroup;
			children = (
				20E4AD2E2A24518100E42A2F /* DailyPuzzlesPlusTests.swift */,
			);
			path = DailyPuzzlesPlusTests;
			sourceTree = "<group>";
		};
/* End PBXGroup section */

/* Begin PBXNativeTarget section */
		20292BF629F2104C00C51913 /* DailyPuzzlesPlus */ = {
			isa = PBXNativeTarget;
			buildConfigurationList = 20292C0529F2104E00C51913 /* Build configuration list for PBXNativeTarget "DailyPuzzlesPlus" */;
			buildPhases = (
				20292BF329F2104C00C51913 /* Sources */,
				20292BF429F2104C00C51913 /* Frameworks */,
				20292BF529F2104C00C51913 /* Resources */,
			);
			buildRules = (
			);
			dependencies = (
			);
			name = DailyPuzzlesPlus;
			packageProductDependencies = (
				201E65612A196626005404B9 /* SwiftySound */,
			);
			productName = "DailyPuzzles+";
			productReference = 20292BF729F2104C00C51913 /* DailyPuzzlesPlus.app */;
			productType = "com.apple.product-type.application";
		};
		20E4AD2B2A24518100E42A2F /* DailyPuzzlesPlusTests */ = {
			isa = PBXNativeTarget;
			buildConfigurationList = 20E4AD322A24518100E42A2F /* Build configuration list for PBXNativeTarget "DailyPuzzlesPlusTests" */;
			buildPhases = (
				20E4AD282A24518100E42A2F /* Sources */,
				20E4AD292A24518100E42A2F /* Frameworks */,
				20E4AD2A2A24518100E42A2F /* Resources */,
			);
			buildRules = (
			);
			dependencies = (
				20E4AD312A24518100E42A2F /* PBXTargetDependency */,
			);
			name = DailyPuzzlesPlusTests;
			productName = DailyPuzzlesPlusTests;
			productReference = 20E4AD2C2A24518100E42A2F /* DailyPuzzlesPlusTests.xctest */;
			productType = "com.apple.product-type.bundle.unit-test";
		};
/* End PBXNativeTarget section */

/* Begin PBXProject section */
		20292BEF29F2104C00C51913 /* Project object */ = {
			isa = PBXProject;
			attributes = {
				BuildIndependentTargetsInParallel = 1;
				LastSwiftUpdateCheck = 1430;
				LastUpgradeCheck = 1430;
				TargetAttributes = {
					20292BF629F2104C00C51913 = {
						CreatedOnToolsVersion = 14.3;
					};
					20E4AD2B2A24518100E42A2F = {
						CreatedOnToolsVersion = 14.3;
						TestTargetID = 20292BF629F2104C00C51913;
					};
				};
			};
			buildConfigurationList = 20292BF229F2104C00C51913 /* Build configuration list for PBXProject "DailyPuzzles+" */;
			compatibilityVersion = "Xcode 14.0";
			developmentRegion = en;
			hasScannedForEncodings = 0;
			knownRegions = (
				en,
				Base,
			);
			mainGroup = 20292BEE29F2104C00C51913;
			packageReferences = (
				201E65602A196626005404B9 /* XCRemoteSwiftPackageReference "SwiftySound" */,
			);
			productRefGroup = 20292BF829F2104C00C51913 /* Products */;
			projectDirPath = "";
			projectRoot = "";
			targets = (
				20292BF629F2104C00C51913 /* DailyPuzzlesPlus */,
				20E4AD2B2A24518100E42A2F /* DailyPuzzlesPlusTests */,
			);
		};
/* End PBXProject section */

/* Begin PBXResourcesBuildPhase section */
		20292BF529F2104C00C51913 /* Resources */ = {
			isa = PBXResourcesBuildPhase;
			buildActionMask = 2147483647;
			files = (
				201E65932A199888005404B9 /* Correct.aiff in Resources */,
				201E65B42A199888005404B9 /* Chime4.aiff in Resources */,
				201E65AD2A199888005404B9 /* Harp3.aiff in Resources */,
				201E65A72A199888005404B9 /* Harp9.aiff in Resources */,
				201E65AF2A199888005404B9 /* Harp12.aiff in Resources */,
				201E65952A199888005404B9 /* NumberHighlightOn.aiff in Resources */,
				20292C0229F2104E00C51913 /* Preview Assets.xcassets in Resources */,
				201E659C2A199888005404B9 /* Tink.aiff in Resources */,
				201E65922A199888005404B9 /* MarkerConflict.aiff in Resources */,
				201E65A82A199888005404B9 /* Harp5.aiff in Resources */,
				20292BFF29F2104E00C51913 /* Assets.xcassets in Resources */,
				201E659A2A199888005404B9 /* NumberHighlightOff.aiff in Resources */,
				201E65B32A199888005404B9 /* Chime3.aiff in Resources */,
				201E65A42A199888005404B9 /* Harp6.aiff in Resources */,
				201E65A02A199888005404B9 /* Harp10.aiff in Resources */,
				201E65912A199888005404B9 /* Incorrect.aiff in Resources */,
				201E659E2A199888005404B9 /* Harp1.aiff in Resources */,
				209AAA812A229B7B0072B17D /* factoidUpdates.txt in Resources */,
				201E65B02A199888005404B9 /* Harp2.aiff in Resources */,
				201E65A12A199888005404B9 /* Harp0.aiff in Resources */,
				201E65B22A199888005404B9 /* Chime2.aiff in Resources */,
				201E658F2A199888005404B9 /* Highlight.aiff in Resources */,
				209AAA7E2A22915B0072B17D /* factoids.txt in Resources */,
				201E65AB2A199888005404B9 /* Harp8.aiff in Resources */,
				201E65B12A199888005404B9 /* Chime1.aiff in Resources */,
				201E659F2A199888005404B9 /* Harp11.aiff in Resources */,
				201E659B2A199888005404B9 /* Touch.aiff in Resources */,
				201E65A52A199888005404B9 /* Harp16.aiff in Resources */,
				201E65972A199888005404B9 /* GameComplete.aiff in Resources */,
				201E65982A199888005404B9 /* Hint.aiff in Resources */,
				201E65AE2A199888005404B9 /* Harp13.aiff in Resources */,
				201E65A92A199888005404B9 /* Harp4.aiff in Resources */,
				201E65AA2A199888005404B9 /* Harp18.aiff in Resources */,
				201E65B52A199888005404B9 /* Marker.aiff in Resources */,
				201E65A62A199888005404B9 /* Harp15.aiff in Resources */,
				201E65942A199888005404B9 /* MarkerErase.aiff in Resources */,
				201E65902A199888005404B9 /* Type.aiff in Resources */,
				201E65A22A199888005404B9 /* Harp17.aiff in Resources */,
				201E659D2A199888005404B9 /* Chime0.aiff in Resources */,
				201E65A32A199888005404B9 /* Harp7.aiff in Resources */,
				201E65962A199888005404B9 /* Match.aiff in Resources */,
				201E65992A199888005404B9 /* Erase.aiff in Resources */,
				201E65AC2A199888005404B9 /* Harp14.aiff in Resources */,
			);
			runOnlyForDeploymentPostprocessing = 0;
		};
		20E4AD2A2A24518100E42A2F /* Resources */ = {
			isa = PBXResourcesBuildPhase;
			buildActionMask = 2147483647;
			files = (
			);
			runOnlyForDeploymentPostprocessing = 0;
		};
/* End PBXResourcesBuildPhase section */

/* Begin PBXSourcesBuildPhase section */
		20292BF329F2104C00C51913 /* Sources */ = {
			isa = PBXSourcesBuildPhase;
			buildActionMask = 2147483647;
			files = (
				20E4AD252A244C4900E42A2F /* File.swift in Sources */,
				2090253F2A103958004B6790 /* GameDescriptor.swift in Sources */,
				209025392A0ED937004B6790 /* GameHostView.swift in Sources */,
				201E655D2A1957BC005404B9 /* Settings.swift in Sources */,
				209025432A104EA4004B6790 /* CryptogramView.swift in Sources */,
				209025452A1053CA004B6790 /* GameToolbarView.swift in Sources */,
				2085A1712A1DB343004E601F /* SettingsGameChooserView.swift in Sources */,
				2090253D2A0EDA15004B6790 /* Navigator.swift in Sources */,
				201E65B92A1A99C7005404B9 /* MainHelpView.swift in Sources */,
				20C0BE852A23F30F00884E76 /* CloudKitObserver.swift in Sources */,
				2085A1732A1E859A004E601F /* SettingsGameOrderView.swift in Sources */,
				201E65572A17E535005404B9 /* Extension.swift in Sources */,
				201E655F2A195845005404B9 /* SettingsView.swift in Sources */,
				20292BFD29F2104C00C51913 /* ContentView.swift in Sources */,
				209025372A0ED7B5004B6790 /* MainView.swift in Sources */,
				2060632D2A1AE4240044AC81 /* EmailView.swift in Sources */,
				209025412A104CD2004B6790 /* MainToolbarView.swift in Sources */,
				201E655B2A190A00005404B9 /* SecondsTimer.swift in Sources */,
				209AAA7C2A2290630072B17D /* ContentService.swift in Sources */,
				2060632B2A1AC3A30044AC81 /* MainBallView.swift in Sources */,
				2060634C2A1C06640044AC81 /* DailyStorage.swift in Sources */,
				20292BFB29F2104C00C51913 /* DailyPuzzles_App.swift in Sources */,
				20E4AD272A244EF300E42A2F /* CodeTimer.swift in Sources */,
				2060634E2A1C0C860044AC81 /* FactoidView.swift in Sources */,
				201E65592A17E994005404B9 /* GameModel.swift in Sources */,
				201E65642A199775005404B9 /* Play.swift in Sources */,
			);
			runOnlyForDeploymentPostprocessing = 0;
		};
		20E4AD282A24518100E42A2F /* Sources */ = {
			isa = PBXSourcesBuildPhase;
			buildActionMask = 2147483647;
			files = (
				20E4AD2F2A24518100E42A2F /* DailyPuzzlesPlusTests.swift in Sources */,
			);
			runOnlyForDeploymentPostprocessing = 0;
		};
/* End PBXSourcesBuildPhase section */

/* Begin PBXTargetDependency section */
		20E4AD312A24518100E42A2F /* PBXTargetDependency */ = {
			isa = PBXTargetDependency;
			target = 20292BF629F2104C00C51913 /* DailyPuzzlesPlus */;
			targetProxy = 20E4AD302A24518100E42A2F /* PBXContainerItemProxy */;
		};
/* End PBXTargetDependency section */

/* Begin XCBuildConfiguration section */
		20292C0329F2104E00C51913 /* Debug */ = {
			isa = XCBuildConfiguration;
			buildSettings = {
				ALWAYS_SEARCH_USER_PATHS = NO;
				CLANG_ANALYZER_NONNULL = YES;
				CLANG_ANALYZER_NUMBER_OBJECT_CONVERSION = YES_AGGRESSIVE;
				CLANG_CXX_LANGUAGE_STANDARD = "gnu++20";
				CLANG_ENABLE_MODULES = YES;
				CLANG_ENABLE_OBJC_ARC = YES;
				CLANG_ENABLE_OBJC_WEAK = YES;
				CLANG_WARN_BLOCK_CAPTURE_AUTORELEASING = YES;
				CLANG_WARN_BOOL_CONVERSION = YES;
				CLANG_WARN_COMMA = YES;
				CLANG_WARN_CONSTANT_CONVERSION = YES;
				CLANG_WARN_DEPRECATED_OBJC_IMPLEMENTATIONS = YES;
				CLANG_WARN_DIRECT_OBJC_ISA_USAGE = YES_ERROR;
				CLANG_WARN_DOCUMENTATION_COMMENTS = YES;
				CLANG_WARN_EMPTY_BODY = YES;
				CLANG_WARN_ENUM_CONVERSION = YES;
				CLANG_WARN_INFINITE_RECURSION = YES;
				CLANG_WARN_INT_CONVERSION = YES;
				CLANG_WARN_NON_LITERAL_NULL_CONVERSION = YES;
				CLANG_WARN_OBJC_IMPLICIT_RETAIN_SELF = YES;
				CLANG_WARN_OBJC_LITERAL_CONVERSION = YES;
				CLANG_WARN_OBJC_ROOT_CLASS = YES_ERROR;
				CLANG_WARN_QUOTED_INCLUDE_IN_FRAMEWORK_HEADER = YES;
				CLANG_WARN_RANGE_LOOP_ANALYSIS = YES;
				CLANG_WARN_STRICT_PROTOTYPES = YES;
				CLANG_WARN_SUSPICIOUS_MOVE = YES;
				CLANG_WARN_UNGUARDED_AVAILABILITY = YES_AGGRESSIVE;
				CLANG_WARN_UNREACHABLE_CODE = YES;
				CLANG_WARN__DUPLICATE_METHOD_MATCH = YES;
				COPY_PHASE_STRIP = NO;
				DEBUG_INFORMATION_FORMAT = dwarf;
				ENABLE_STRICT_OBJC_MSGSEND = YES;
				ENABLE_TESTABILITY = YES;
				GCC_C_LANGUAGE_STANDARD = gnu11;
				GCC_DYNAMIC_NO_PIC = NO;
				GCC_NO_COMMON_BLOCKS = YES;
				GCC_OPTIMIZATION_LEVEL = 0;
				GCC_PREPROCESSOR_DEFINITIONS = (
					"DEBUG=1",
					"$(inherited)",
				);
				GCC_WARN_64_TO_32_BIT_CONVERSION = YES;
				GCC_WARN_ABOUT_RETURN_TYPE = YES_ERROR;
				GCC_WARN_UNDECLARED_SELECTOR = YES;
				GCC_WARN_UNINITIALIZED_AUTOS = YES_AGGRESSIVE;
				GCC_WARN_UNUSED_FUNCTION = YES;
				GCC_WARN_UNUSED_VARIABLE = YES;
				IPHONEOS_DEPLOYMENT_TARGET = 16.4;
				MTL_ENABLE_DEBUG_INFO = INCLUDE_SOURCE;
				MTL_FAST_MATH = YES;
				ONLY_ACTIVE_ARCH = YES;
				SDKROOT = iphoneos;
				SWIFT_ACTIVE_COMPILATION_CONDITIONS = DEBUG;
				SWIFT_OPTIMIZATION_LEVEL = "-Onone";
			};
			name = Debug;
		};
		20292C0429F2104E00C51913 /* Release */ = {
			isa = XCBuildConfiguration;
			buildSettings = {
				ALWAYS_SEARCH_USER_PATHS = NO;
				CLANG_ANALYZER_NONNULL = YES;
				CLANG_ANALYZER_NUMBER_OBJECT_CONVERSION = YES_AGGRESSIVE;
				CLANG_CXX_LANGUAGE_STANDARD = "gnu++20";
				CLANG_ENABLE_MODULES = YES;
				CLANG_ENABLE_OBJC_ARC = YES;
				CLANG_ENABLE_OBJC_WEAK = YES;
				CLANG_WARN_BLOCK_CAPTURE_AUTORELEASING = YES;
				CLANG_WARN_BOOL_CONVERSION = YES;
				CLANG_WARN_COMMA = YES;
				CLANG_WARN_CONSTANT_CONVERSION = YES;
				CLANG_WARN_DEPRECATED_OBJC_IMPLEMENTATIONS = YES;
				CLANG_WARN_DIRECT_OBJC_ISA_USAGE = YES_ERROR;
				CLANG_WARN_DOCUMENTATION_COMMENTS = YES;
				CLANG_WARN_EMPTY_BODY = YES;
				CLANG_WARN_ENUM_CONVERSION = YES;
				CLANG_WARN_INFINITE_RECURSION = YES;
				CLANG_WARN_INT_CONVERSION = YES;
				CLANG_WARN_NON_LITERAL_NULL_CONVERSION = YES;
				CLANG_WARN_OBJC_IMPLICIT_RETAIN_SELF = YES;
				CLANG_WARN_OBJC_LITERAL_CONVERSION = YES;
				CLANG_WARN_OBJC_ROOT_CLASS = YES_ERROR;
				CLANG_WARN_QUOTED_INCLUDE_IN_FRAMEWORK_HEADER = YES;
				CLANG_WARN_RANGE_LOOP_ANALYSIS = YES;
				CLANG_WARN_STRICT_PROTOTYPES = YES;
				CLANG_WARN_SUSPICIOUS_MOVE = YES;
				CLANG_WARN_UNGUARDED_AVAILABILITY = YES_AGGRESSIVE;
				CLANG_WARN_UNREACHABLE_CODE = YES;
				CLANG_WARN__DUPLICATE_METHOD_MATCH = YES;
				COPY_PHASE_STRIP = NO;
				DEBUG_INFORMATION_FORMAT = "dwarf-with-dsym";
				ENABLE_NS_ASSERTIONS = NO;
				ENABLE_STRICT_OBJC_MSGSEND = YES;
				GCC_C_LANGUAGE_STANDARD = gnu11;
				GCC_NO_COMMON_BLOCKS = YES;
				GCC_WARN_64_TO_32_BIT_CONVERSION = YES;
				GCC_WARN_ABOUT_RETURN_TYPE = YES_ERROR;
				GCC_WARN_UNDECLARED_SELECTOR = YES;
				GCC_WARN_UNINITIALIZED_AUTOS = YES_AGGRESSIVE;
				GCC_WARN_UNUSED_FUNCTION = YES;
				GCC_WARN_UNUSED_VARIABLE = YES;
				IPHONEOS_DEPLOYMENT_TARGET = 16.4;
				MTL_ENABLE_DEBUG_INFO = NO;
				MTL_FAST_MATH = YES;
				SDKROOT = iphoneos;
				SWIFT_COMPILATION_MODE = wholemodule;
				SWIFT_OPTIMIZATION_LEVEL = "-O";
				VALIDATE_PRODUCT = YES;
			};
			name = Release;
		};
		20292C0629F2104E00C51913 /* Debug */ = {
			isa = XCBuildConfiguration;
			buildSettings = {
				ASSETCATALOG_COMPILER_APPICON_NAME = AppIcon;
				ASSETCATALOG_COMPILER_GLOBAL_ACCENT_COLOR_NAME = AccentColor;
				CODE_SIGN_ENTITLEMENTS = DailyPuzzlesPlus/DailyPuzzlesPlus.entitlements;
				CODE_SIGN_STYLE = Automatic;
				CURRENT_PROJECT_VERSION = 1;
				DEVELOPMENT_ASSET_PATHS = "\"DailyPuzzlesPlus/Preview Content\"";
				DEVELOPMENT_TEAM = BGR2CU5KFK;
				ENABLE_PREVIEWS = YES;
				GENERATE_INFOPLIST_FILE = YES;
				INFOPLIST_FILE = DailyPuzzlesPlus/Info.plist;
				INFOPLIST_KEY_UIApplicationSceneManifest_Generation = YES;
				INFOPLIST_KEY_UIApplicationSupportsIndirectInputEvents = YES;
				INFOPLIST_KEY_UILaunchScreen_Generation = YES;
				INFOPLIST_KEY_UISupportedInterfaceOrientations_iPad = "UIInterfaceOrientationPortrait UIInterfaceOrientationPortraitUpsideDown UIInterfaceOrientationLandscapeLeft UIInterfaceOrientationLandscapeRight";
				INFOPLIST_KEY_UISupportedInterfaceOrientations_iPhone = "UIInterfaceOrientationPortrait UIInterfaceOrientationLandscapeLeft UIInterfaceOrientationLandscapeRight";
				LD_RUNPATH_SEARCH_PATHS = (
					"$(inherited)",
					"@executable_path/Frameworks",
				);
				MARKETING_VERSION = 1.0;
				PRODUCT_BUNDLE_IDENTIFIER = blacklabs.DailyPuzzlesPlus;
				PRODUCT_NAME = "$(TARGET_NAME)";
				SWIFT_EMIT_LOC_STRINGS = YES;
				SWIFT_VERSION = 5.0;
				TARGETED_DEVICE_FAMILY = "1,2";
			};
			name = Debug;
		};
		20292C0729F2104E00C51913 /* Release */ = {
			isa = XCBuildConfiguration;
			buildSettings = {
				ASSETCATALOG_COMPILER_APPICON_NAME = AppIcon;
				ASSETCATALOG_COMPILER_GLOBAL_ACCENT_COLOR_NAME = AccentColor;
				CODE_SIGN_ENTITLEMENTS = DailyPuzzlesPlus/DailyPuzzlesPlus.entitlements;
				CODE_SIGN_STYLE = Automatic;
				CURRENT_PROJECT_VERSION = 1;
				DEVELOPMENT_ASSET_PATHS = "\"DailyPuzzlesPlus/Preview Content\"";
				DEVELOPMENT_TEAM = BGR2CU5KFK;
				ENABLE_PREVIEWS = YES;
				GENERATE_INFOPLIST_FILE = YES;
				INFOPLIST_FILE = DailyPuzzlesPlus/Info.plist;
				INFOPLIST_KEY_UIApplicationSceneManifest_Generation = YES;
				INFOPLIST_KEY_UIApplicationSupportsIndirectInputEvents = YES;
				INFOPLIST_KEY_UILaunchScreen_Generation = YES;
				INFOPLIST_KEY_UISupportedInterfaceOrientations_iPad = "UIInterfaceOrientationPortrait UIInterfaceOrientationPortraitUpsideDown UIInterfaceOrientationLandscapeLeft UIInterfaceOrientationLandscapeRight";
				INFOPLIST_KEY_UISupportedInterfaceOrientations_iPhone = "UIInterfaceOrientationPortrait UIInterfaceOrientationLandscapeLeft UIInterfaceOrientationLandscapeRight";
				LD_RUNPATH_SEARCH_PATHS = (
					"$(inherited)",
					"@executable_path/Frameworks",
				);
				MARKETING_VERSION = 1.0;
				PRODUCT_BUNDLE_IDENTIFIER = blacklabs.DailyPuzzlesPlus;
				PRODUCT_NAME = "$(TARGET_NAME)";
				SWIFT_EMIT_LOC_STRINGS = YES;
				SWIFT_VERSION = 5.0;
				TARGETED_DEVICE_FAMILY = "1,2";
			};
			name = Release;
		};
		20E4AD332A24518100E42A2F /* Debug */ = {
			isa = XCBuildConfiguration;
			buildSettings = {
				BUNDLE_LOADER = "$(TEST_HOST)";
				CODE_SIGN_STYLE = Automatic;
				CURRENT_PROJECT_VERSION = 1;
				DEVELOPMENT_TEAM = BGR2CU5KFK;
				GENERATE_INFOPLIST_FILE = YES;
				MARKETING_VERSION = 1.0;
				PRODUCT_BUNDLE_IDENTIFIER = blacklabs.DailyPuzzlesPlusTests;
				PRODUCT_NAME = "$(TARGET_NAME)";
				SWIFT_EMIT_LOC_STRINGS = NO;
				SWIFT_VERSION = 5.0;
				TARGETED_DEVICE_FAMILY = "1,2";
				TEST_HOST = "$(BUILT_PRODUCTS_DIR)/DailyPuzzlesPlus.app/$(BUNDLE_EXECUTABLE_FOLDER_PATH)/DailyPuzzlesPlus";
			};
			name = Debug;
		};
		20E4AD342A24518100E42A2F /* Release */ = {
			isa = XCBuildConfiguration;
			buildSettings = {
				BUNDLE_LOADER = "$(TEST_HOST)";
				CODE_SIGN_STYLE = Automatic;
				CURRENT_PROJECT_VERSION = 1;
				DEVELOPMENT_TEAM = BGR2CU5KFK;
				GENERATE_INFOPLIST_FILE = YES;
				MARKETING_VERSION = 1.0;
				PRODUCT_BUNDLE_IDENTIFIER = blacklabs.DailyPuzzlesPlusTests;
				PRODUCT_NAME = "$(TARGET_NAME)";
				SWIFT_EMIT_LOC_STRINGS = NO;
				SWIFT_VERSION = 5.0;
				TARGETED_DEVICE_FAMILY = "1,2";
				TEST_HOST = "$(BUILT_PRODUCTS_DIR)/DailyPuzzlesPlus.app/$(BUNDLE_EXECUTABLE_FOLDER_PATH)/DailyPuzzlesPlus";
			};
			name = Release;
		};
/* End XCBuildConfiguration section */

/* Begin XCConfigurationList section */
		20292BF229F2104C00C51913 /* Build configuration list for PBXProject "DailyPuzzles+" */ = {
			isa = XCConfigurationList;
			buildConfigurations = (
				20292C0329F2104E00C51913 /* Debug */,
				20292C0429F2104E00C51913 /* Release */,
			);
			defaultConfigurationIsVisible = 0;
			defaultConfigurationName = Release;
		};
		20292C0529F2104E00C51913 /* Build configuration list for PBXNativeTarget "DailyPuzzlesPlus" */ = {
			isa = XCConfigurationList;
			buildConfigurations = (
				20292C0629F2104E00C51913 /* Debug */,
				20292C0729F2104E00C51913 /* Release */,
			);
			defaultConfigurationIsVisible = 0;
			defaultConfigurationName = Release;
		};
		20E4AD322A24518100E42A2F /* Build configuration list for PBXNativeTarget "DailyPuzzlesPlusTests" */ = {
			isa = XCConfigurationList;
			buildConfigurations = (
				20E4AD332A24518100E42A2F /* Debug */,
				20E4AD342A24518100E42A2F /* Release */,
			);
			defaultConfigurationIsVisible = 0;
			defaultConfigurationName = Release;
		};
/* End XCConfigurationList section */

/* Begin XCRemoteSwiftPackageReference section */
		201E65602A196626005404B9 /* XCRemoteSwiftPackageReference "SwiftySound" */ = {
			isa = XCRemoteSwiftPackageReference;
			repositoryURL = "https://github.com/adamcichy/SwiftySound.git";
			requirement = {
				kind = upToNextMajorVersion;
				minimumVersion = 1.0.0;
			};
		};
/* End XCRemoteSwiftPackageReference section */

/* Begin XCSwiftPackageProductDependency section */
		201E65612A196626005404B9 /* SwiftySound */ = {
			isa = XCSwiftPackageProductDependency;
			package = 201E65602A196626005404B9 /* XCRemoteSwiftPackageReference "SwiftySound" */;
			productName = SwiftySound;
		};
/* End XCSwiftPackageProductDependency section */
	};
	rootObject = 20292BEF29F2104C00C51913 /* Project object */;
}
